{
  "name": "file-system",
  "version": "1.0.0",
  "lockfileVersion": 1,
  "requires": true,
  "dependencies": {
    "@stdlib/assert-has-node-buffer-support": {
      "version": "0.0.7",
      "resolved": "https://registry.npmjs.org/@stdlib/assert-has-node-buffer-support/-/assert-has-node-buffer-support-0.0.7.tgz",
      "integrity": "sha512-UU1YqYCkM+DM4q1ZepKoa/3ypWyNCtKup4RdU7fYbpqLE5MaN/1hEPiaM7yEbZLpBYHGMhUOyxo1TTjClsaqMg==",
      "requires": {
        "@stdlib/assert-is-buffer": "^0.0.x",
        "@stdlib/cli-ctor": "^0.0.x",
        "@stdlib/fs-read-file": "^0.0.x"
      }
    },
    "@stdlib/assert-has-own-property": {
      "version": "0.0.6",
      "resolved": "https://registry.npmjs.org/@stdlib/assert-has-own-property/-/assert-has-own-property-0.0.6.tgz",
      "integrity": "sha512-e70dnINl+687dpLPT70iq+MO8rNovbD5d+fOFL0+SafHsyOFHSZrkR6htaUSEQ+9oKPV6c8MzDiR3jQW6GK3bw=="
    },
    "@stdlib/assert-has-symbol-support": {
      "version": "0.0.7",
      "resolved": "https://registry.npmjs.org/@stdlib/assert-has-symbol-support/-/assert-has-symbol-support-0.0.7.tgz",
      "integrity": "sha512-kiLf0eGHLxuk3tvsJ3ScNhcmhZZ8g0657BdhtYjR82fLPGyqFm81WxU/bCH3facTlLEuMWSK61CwxQF7FdsrPw==",
      "requires": {
        "@stdlib/cli-ctor": "^0.0.x",
        "@stdlib/fs-read-file": "^0.0.x"
      }
    },
    "@stdlib/assert-has-tostringtag-support": {
      "version": "0.0.7",
      "resolved": "https://registry.npmjs.org/@stdlib/assert-has-tostringtag-support/-/assert-has-tostringtag-support-0.0.7.tgz",
      "integrity": "sha512-hE9MyseGwS4joFU3NAMjtZe8FPLZl7N/RAu21gOeiRSpm7ewbBjvmYwNTuZCnNV6FxMyxPCtW9lzXVP33fM8rQ==",
      "requires": {
        "@stdlib/assert-has-symbol-support": "^0.0.x",
        "@stdlib/cli-ctor": "^0.0.x",
        "@stdlib/fs-read-file": "^0.0.x"
      }
    },
    "@stdlib/assert-is-array": {
      "version": "0.0.6",
      "resolved": "https://registry.npmjs.org/@stdlib/assert-is-array/-/assert-is-array-0.0.6.tgz",
      "integrity": "sha512-t5z8B8Z80r8dSkXznG4Ryvtk5FuCbUKdXieK3Zvbq03xlP5Y6EUk3zc94ZZOZ9/MyKHJd+nUl47KJsSRox3KSg==",
      "requires": {
        "@stdlib/utils-native-class": "^0.0.x"
      }
    },
    "@stdlib/assert-is-boolean": {
      "version": "0.0.7",
      "resolved": "https://registry.npmjs.org/@stdlib/assert-is-boolean/-/assert-is-boolean-0.0.7.tgz",
      "integrity": "sha512-e7DFVs4V9x9yDcKzNR0Ue+y2xvGCp+Qgs3frCFtp+XiCoDUwUI6GkgbmOLQIPhWOBVgwIw8BAQ1nUvZJeKRWxw==",
      "requires": {
        "@stdlib/assert-has-tostringtag-support": "^0.0.x",
        "@stdlib/utils-define-nonenumerable-read-only-property": "^0.0.x",
        "@stdlib/utils-native-class": "^0.0.x"
      }
    },
    "@stdlib/assert-is-buffer": {
      "version": "0.0.7",
      "resolved": "https://registry.npmjs.org/@stdlib/assert-is-buffer/-/assert-is-buffer-0.0.7.tgz",
      "integrity": "sha512-1VJPY69LPNFtF4kB17SIegROVxU2J5j0HNMP5UdvfxISegE4kaTPUE0TET6yZ2/cYe4vFAXYnpY8YlRHCFpWlg==",
      "requires": {
        "@stdlib/assert-is-object-like": "^0.0.x"
      }
    },
    "@stdlib/assert-is-function": {
      "version": "0.0.7",
      "resolved": "https://registry.npmjs.org/@stdlib/assert-is-function/-/assert-is-function-0.0.7.tgz",
      "integrity": "sha512-/kx5JaDWj7q6XeSzKMprLpi/NlUDxl/3bH1RQIDlTC8MmyzpVCMcxdNcP/mL6XGFF0cIipBzqkxD1Dsieh9xpg==",
      "requires": {
        "@stdlib/utils-type-of": "^0.0.x"
      }
    },
    "@stdlib/assert-is-object-like": {
      "version": "0.0.6",
      "resolved": "https://registry.npmjs.org/@stdlib/assert-is-object-like/-/assert-is-object-like-0.0.6.tgz",
      "integrity": "sha512-UiChPZdXKnmL+jZrh3JnGlD4PZZgILLnxedS68nJRM9X2FmrlPONSk9m+nnvMHSskgMsTsy08Z4lks2EMsvm6w==",
      "requires": {
        "@stdlib/assert-tools-array-function": "^0.0.x",
        "@stdlib/utils-define-nonenumerable-read-only-property": "^0.0.x"
      }
    },
    "@stdlib/assert-is-string": {
      "version": "0.0.6",
      "resolved": "https://registry.npmjs.org/@stdlib/assert-is-string/-/assert-is-string-0.0.6.tgz",
      "integrity": "sha512-ngAej4+jmSCKJbKRVZkPIidik5LZ478C5kqdpteEe8QgLBaj3kPg56SlomXCQDyG0+pEiQ7RlNpwRrWkZWCoKw==",
      "requires": {
        "@stdlib/assert-has-tostringtag-support": "^0.0.x",
        "@stdlib/utils-define-nonenumerable-read-only-property": "^0.0.x",
        "@stdlib/utils-native-class": "^0.0.x"
      }
    },
    "@stdlib/assert-tools-array-function": {
      "version": "0.0.6",
      "resolved": "https://registry.npmjs.org/@stdlib/assert-tools-array-function/-/assert-tools-array-function-0.0.6.tgz",
      "integrity": "sha512-46/b3X0tqtGUSWmqsl5GXoRKeiqeGTgqqXwYa5y3K2yHJWW4XNRbo+y9RqmyGAu4KIhr/D+fFqVk8wm/sYWgeQ==",
      "requires": {
        "@stdlib/assert-is-array": "^0.0.x"
      }
    },
    "@stdlib/buffer-ctor": {
      "version": "0.0.6",
      "resolved": "https://registry.npmjs.org/@stdlib/buffer-ctor/-/buffer-ctor-0.0.6.tgz",
      "integrity": "sha512-ltmQFGbRmYEC7TW74fbI+PYLhvr/cyq0DJ8cwdfLE22QJWLmSw61t173RD+aDeGqwpkbmdfLitLrbYR5YLM2pQ==",
      "requires": {
        "@stdlib/assert-has-node-buffer-support": "^0.0.x"
      }
    },
    "@stdlib/buffer-from-string": {
      "version": "0.0.6",
      "resolved": "https://registry.npmjs.org/@stdlib/buffer-from-string/-/buffer-from-string-0.0.6.tgz",
      "integrity": "sha512-2FgbWYZUZQ/KaG5/vvEwd5QL1u26qKP2FuxYPKBDjTHiIqR3n+3FAFvTEmxpw7PiS5rcA7kyz3ZwDrIZVlK76A==",
      "requires": {
        "@stdlib/assert-is-function": "^0.0.x",
        "@stdlib/assert-is-string": "^0.0.x",
        "@stdlib/buffer-ctor": "^0.0.x"
      }
    },
    "@stdlib/cli-ctor": {
      "version": "0.0.2",
      "resolved": "https://registry.npmjs.org/@stdlib/cli-ctor/-/cli-ctor-0.0.2.tgz",
      "integrity": "sha512-/5mNj/FGCxDlcprVv9uVHlxymsLdqUdpHlhiRK8J54iVATFbEjnfOG71+J/EdBPxQgs/oWAV4u8QXC8ZM+EOcg==",
      "requires": {
        "@stdlib/utils-define-nonenumerable-read-only-property": "^0.0.x",
        "@stdlib/utils-noop": "^0.0.x",
        "minimist": "^1.2.0"
      }
    },
    "@stdlib/fs-read-file": {
      "version": "0.0.7",
      "resolved": "https://registry.npmjs.org/@stdlib/fs-read-file/-/fs-read-file-0.0.7.tgz",
      "integrity": "sha512-m3VKVTRTO+OaCSBP1g+ja+dpo2Fs4sIZ4PFzntI7smFFlQfIDG9kcayC1+cqGNtPD3lV7/wVCfgozIycHmGJtQ==",
      "requires": {
        "@stdlib/cli-ctor": "^0.0.x",
        "@stdlib/utils-define-nonenumerable-read-only-property": "^0.0.x"
      }
    },
    "@stdlib/fs-write-file": {
      "version": "0.0.7",
      "resolved": "https://registry.npmjs.org/@stdlib/fs-write-file/-/fs-write-file-0.0.7.tgz",
      "integrity": "sha512-U/+QFGgVVbmnF3fvf/DzgM9aNQ54WA4LcSEr1Kmr1kP850Mqo+608az+QG3WA7Dqhw+wIhm3hBHUZrqoYf0weQ==",
      "requires": {
        "@stdlib/cli-ctor": "^0.0.x",
        "@stdlib/fs-read-file": "^0.0.x",
        "@stdlib/process-cwd": "^0.0.x",
        "@stdlib/process-read-stdin": "^0.0.x",
        "@stdlib/utils-define-nonenumerable-read-only-property": "^0.0.x"
      }
    },
    "@stdlib/process-cwd": {
      "version": "0.0.7",
      "resolved": "https://registry.npmjs.org/@stdlib/process-cwd/-/process-cwd-0.0.7.tgz",
      "integrity": "sha512-nm0GIt8eKzTPhlRv47Ufwi56iVK8lrPCHZ4LZ/f6G5rTuaxL2n01zO7Yv2nV64N0Zc+3yubShcTXwVmfkHg2VA==",
      "requires": {
        "@stdlib/cli-ctor": "^0.0.x",
        "@stdlib/fs-read-file": "^0.0.x"
      }
    },
    "@stdlib/process-read-stdin": {
      "version": "0.0.6",
      "resolved": "https://registry.npmjs.org/@stdlib/process-read-stdin/-/process-read-stdin-0.0.6.tgz",
      "integrity": "sha512-8PSXMK4XMfhyjTSzxoeKqRRGvOLB8WjkxzzBNf27GI8jgw51oKs3yHbQFLOlpNSsTNN66NIDLn1PEhOK68RgvA==",
      "requires": {
        "@stdlib/assert-is-function": "^0.0.x",
        "@stdlib/assert-is-string": "^0.0.x",
        "@stdlib/buffer-ctor": "^0.0.x",
        "@stdlib/buffer-from-string": "^0.0.x",
        "@stdlib/streams-node-stdin": "^0.0.x",
        "@stdlib/utils-next-tick": "^0.0.x"
      }
    },
    "@stdlib/regexp-function-name": {
      "version": "0.0.6",
      "resolved": "https://registry.npmjs.org/@stdlib/regexp-function-name/-/regexp-function-name-0.0.6.tgz",
      "integrity": "sha512-T/WdLsJ1ghhg0km+2JF0OZ9ntkPqCWlk9AaD2zITkpVNN6w4072+MpUl2XwTM6dGwHgxzQldCGK4Ti/J0/bftw==",
      "requires": {
        "@stdlib/utils-define-nonenumerable-read-only-property": "^0.0.x"
      }
    },
    "@stdlib/streams-node-stdin": {
      "version": "0.0.6",
      "resolved": "https://registry.npmjs.org/@stdlib/streams-node-stdin/-/streams-node-stdin-0.0.6.tgz",
      "integrity": "sha512-WBxrBpFewya5PD09nyPHM9x0HMFrCKEgVaea7OHD6ZrLjU+zzXDTGIgU6p7+lF0WxFxU/K/PUeFhs+iWnvNg0Q=="
    },
    "@stdlib/types": {
      "version": "0.0.13",
      "resolved": "https://registry.npmjs.org/@stdlib/types/-/types-0.0.13.tgz",
      "integrity": "sha512-8aPkDtaJM/XZENqhoj7BYuwENLGyxz1xfLIcf2zct7kLZMi0rODzks3n65LEMIR9Rh3rFDXlwc35XvzEkTpmZQ=="
    },
    "@stdlib/utils-constructor-name": {
      "version": "0.0.7",
      "resolved": "https://registry.npmjs.org/@stdlib/utils-constructor-name/-/utils-constructor-name-0.0.7.tgz",
      "integrity": "sha512-Z5N6fnJvbU4Zmbrtr0s3TeNqjZm/nj3/jDEnRmMn7g5zuTr3Yl4VzfcjGWP80Dqjc5GlK32rfcWS5C4ujy0B5A==",
      "requires": {
        "@stdlib/assert-is-buffer": "^0.0.x",
        "@stdlib/regexp-function-name": "^0.0.x",
        "@stdlib/utils-native-class": "^0.0.x"
      }
    },
    "@stdlib/utils-define-nonenumerable-read-only-property": {
      "version": "0.0.6",
      "resolved": "https://registry.npmjs.org/@stdlib/utils-define-nonenumerable-read-only-property/-/utils-define-nonenumerable-read-only-property-0.0.6.tgz",
      "integrity": "sha512-j0NsSDFa0hUx9MtZ1mMj+Ak5nxI+cU7dEMB6C6JgJhkKDz9Hg1iT/KhzlGPaIn1Tsycvyydge906qVepjspXgQ==",
      "requires": {
        "@stdlib/types": "^0.0.x",
        "@stdlib/utils-define-property": "^0.0.x"
      }
    },
    "@stdlib/utils-define-property": {
      "version": "0.0.7",
      "resolved": "https://registry.npmjs.org/@stdlib/utils-define-property/-/utils-define-property-0.0.7.tgz",
      "integrity": "sha512-druB11NwdtkDTP35lx8qeYnqXPcyddde78h1hflVB0OsKtFofUVbg0oo/pm30gBYFCWWtIhxL6iC7feeuUU/yQ==",
      "requires": {
        "@stdlib/types": "^0.0.x"
      }
    },
    "@stdlib/utils-global": {
      "version": "0.0.6",
      "resolved": "https://registry.npmjs.org/@stdlib/utils-global/-/utils-global-0.0.6.tgz",
      "integrity": "sha512-I40vkISJ+TFak8HYIhtNMx2ILj9NGkYuey0YqGC+fBo1/cNm4GET4DbTlFKc6N4jEzZDRQyDxQjAK+9iBC75yw==",
      "requires": {
        "@stdlib/assert-is-boolean": "^0.0.x"
      }
    },
    "@stdlib/utils-native-class": {
      "version": "0.0.7",
      "resolved": "https://registry.npmjs.org/@stdlib/utils-native-class/-/utils-native-class-0.0.7.tgz",
      "integrity": "sha512-83s2ithhqlHh60zXxqmIdN1vm4tyTDb4aL+MIfuLh+0x8cSodOhcdtyhQ4rCGXNSMeQUB/N6/rVVf3BGRFzrLQ==",
      "requires": {
        "@stdlib/assert-has-own-property": "^0.0.x",
        "@stdlib/assert-has-tostringtag-support": "^0.0.x"
      }
    },
    "@stdlib/utils-next-tick": {
      "version": "0.0.6",
      "resolved": "https://registry.npmjs.org/@stdlib/utils-next-tick/-/utils-next-tick-0.0.6.tgz",
      "integrity": "sha512-NWFJCx4pTqs48JSEImsYod4GWmi2m1Q1PB5MPd9b0cGey05GybJ5I3SY0fUUn/dSaAI7dydXcxx6cgGnHJbXAw=="
    },
    "@stdlib/utils-noop": {
      "version": "0.0.8",
      "resolved": "https://registry.npmjs.org/@stdlib/utils-noop/-/utils-noop-0.0.8.tgz",
      "integrity": "sha512-rDCM7W7T9J5H/98n01v+mk/cnbw6mErVg0gK2Rwgora0o1/roJjlRRM0lcvz2Csc+jh5dyO+A26L0y4yyBs/yg=="
    },
    "@stdlib/utils-type-of": {
      "version": "0.0.7",
      "resolved": "https://registry.npmjs.org/@stdlib/utils-type-of/-/utils-type-of-0.0.7.tgz",
      "integrity": "sha512-dZysZILiFNOhuxhmqR+xyWU9thrrrvwWMnNARIVfH/z1pVtM/jmbUXSYRSMrKLyC6RQkKHwH2NRRammnUIDzdA==",
      "requires": {
        "@stdlib/utils-constructor-name": "^0.0.x",
        "@stdlib/utils-global": "^0.0.x"
      }
    },
    "add-filename-increment": {
      "version": "1.0.0",
      "resolved": "https://registry.npmjs.org/add-filename-increment/-/add-filename-increment-1.0.0.tgz",
      "integrity": "sha512-pFV8VZX8jxuVMIycKvGZkWF/ihnUubu9lbQVnOnZWp7noVxbKQTNj7zG2y9fXdPcuZ6lAN3Drr517HaivGCjdQ==",
      "requires": {
        "strip-filename-increment": "^2.0.1"
      }
    },
    "amdefine": {
      "version": "1.0.1",
      "resolved": "https://registry.npmjs.org/amdefine/-/amdefine-1.0.1.tgz",
      "integrity": "sha1-SlKCrBZHKek2Gbz9OtFR+BfOkfU="
    },
    "async": {
      "version": "0.2.10",
      "resolved": "https://registry.npmjs.org/async/-/async-0.2.10.tgz",
      "integrity": "sha1-trvgsGdLnXGXCMo43owjfLUmw9E="
    },
    "balanced-match": {
      "version": "1.0.2",
      "resolved": "https://registry.npmjs.org/balanced-match/-/balanced-match-1.0.2.tgz",
      "integrity": "sha512-3oSeUO0TMV67hN1AmbXsK4yaqU7tjiHlbxRDZOpH0KW9+CeX4bRAaX0Anxt0tx2MrpRpWwQaPwIlISEJhYU5Pw=="
    },
    "brace-expansion": {
      "version": "1.1.11",
      "resolved": "https://registry.npmjs.org/brace-expansion/-/brace-expansion-1.1.11.tgz",
      "integrity": "sha512-iCuPHDFgrHX7H2vEI/5xpz07zSHB00TpugqhmYtVmMO6518mCuRMoOYFldEBl0g187ufozdaHgWKcYFb61qGiA==",
      "requires": {
        "balanced-match": "^1.0.0",
        "concat-map": "0.0.1"
      }
    },
    "camelcase": {
      "version": "1.2.1",
      "resolved": "https://registry.npmjs.org/camelcase/-/camelcase-1.2.1.tgz",
      "integrity": "sha1-m7UwTS4LVmmLLHWLCKPqqdqlijk="
    },
    "character-parser": {
      "version": "1.2.0",
      "resolved": "https://registry.npmjs.org/character-parser/-/character-parser-1.2.0.tgz",
      "integrity": "sha1-lBNNbl2HCjm+NZ99IkYJNRhN3vY="
    },
    "commander": {
      "version": "2.0.0",
      "resolved": "https://registry.npmjs.org/commander/-/commander-2.0.0.tgz",
      "integrity": "sha1-0bhvkB+LZL2UG96tr5JFMDk76Sg="
    },
    "concat-map": {
      "version": "0.0.1",
      "resolved": "https://registry.npmjs.org/concat-map/-/concat-map-0.0.1.tgz",
      "integrity": "sha1-2Klr13/Wjfd5OnMDajug1UBdR3s="
    },
    "constantinople": {
      "version": "1.0.2",
      "resolved": "https://registry.npmjs.org/constantinople/-/constantinople-1.0.2.tgz",
      "integrity": "sha1-DmR0fcg2ZE0/ZZJH79lSMbSMPnE=",
      "requires": {
        "uglify-js": "~2.4.0"
      },
      "dependencies": {
        "source-map": {
          "version": "0.1.34",
          "resolved": "https://registry.npmjs.org/source-map/-/source-map-0.1.34.tgz",
          "integrity": "sha1-p8/omux7FoLDsZjQrPtH19CQVms=",
          "requires": {
            "amdefine": ">=0.0.4"
          }
        },
        "uglify-js": {
          "version": "2.4.24",
          "resolved": "https://registry.npmjs.org/uglify-js/-/uglify-js-2.4.24.tgz",
          "integrity": "sha1-+tV1XB4Vd2WLsG/5q25UjJW+vW4=",
          "requires": {
            "async": "~0.2.6",
            "source-map": "0.1.34",
            "uglify-to-browserify": "~1.0.0",
            "yargs": "~3.5.4"
          }
        }
      }
    },
    "core-util-is": {
      "version": "1.0.3",
      "resolved": "https://registry.npmjs.org/core-util-is/-/core-util-is-1.0.3.tgz",
      "integrity": "sha512-ZQBvi1DcpJ4GDqanjucZ2Hj3wEO5pZDS89BWbkcrvdxksJorwUDDZamX9ldFkp9aw2lmBDLgkObEA4DWNJ9FYQ=="
    },
    "css": {
      "version": "1.0.8",
      "resolved": "https://registry.npmjs.org/css/-/css-1.0.8.tgz",
      "integrity": "sha1-k4aBHKgrzMnuf7WnMrHioxfIo+c=",
      "requires": {
        "css-parse": "1.0.4",
        "css-stringify": "1.0.5"
      }
    },
    "css-parse": {
      "version": "1.0.4",
      "resolved": "https://registry.npmjs.org/css-parse/-/css-parse-1.0.4.tgz",
      "integrity": "sha1-OLBQP7+dqfVOnB29pg4UXHcRe90="
    },
    "css-stringify": {
      "version": "1.0.5",
      "resolved": "https://registry.npmjs.org/css-stringify/-/css-stringify-1.0.5.tgz",
      "integrity": "sha1-sNBClG2ylTu50pKQCmy19tASIDE="
    },
    "decamelize": {
      "version": "1.2.0",
      "resolved": "https://registry.npmjs.org/decamelize/-/decamelize-1.2.0.tgz",
      "integrity": "sha1-9lNNFRSCabIDUue+4m9QH5oZEpA="
    },
    "detect-indent": {
      "version": "7.0.0",
      "resolved": "https://registry.npmjs.org/detect-indent/-/detect-indent-7.0.0.tgz",
      "integrity": "sha512-/6kJlmVv6RDFPqaHC/ZDcU8bblYcoph2dUQ3kB47QqhkUEqXe3VZPELK9BaEMrC73qu+wn0AQ7iSteceN+yuMw=="
    },
    "dirlist-static": {
      "version": "1.2.1",
      "resolved": "https://registry.npmjs.org/dirlist-static/-/dirlist-static-1.2.1.tgz",
      "integrity": "sha1-0PVwj+ttCd6v9YlZ2eaUhSwnhzM=",
      "requires": {
        "lodash.defaults": "4.0.1",
        "minimist": "1.2.0",
        "walkdir": "0.0.11"
      },
      "dependencies": {
        "minimist": {
          "version": "1.2.0",
          "resolved": "https://registry.npmjs.org/minimist/-/minimist-1.2.0.tgz",
          "integrity": "sha1-o1AIsg9BOD7sH7kU9M1d95omQoQ="
        },
        "walkdir": {
          "version": "0.0.11",
          "resolved": "https://registry.npmjs.org/walkdir/-/walkdir-0.0.11.tgz",
          "integrity": "sha1-oW0CXrkxvQO1LzCMrtD0D86+lTI="
        }
      }
    },
    "file-fetch": {
      "version": "1.7.0",
      "resolved": "https://registry.npmjs.org/file-fetch/-/file-fetch-1.7.0.tgz",
      "integrity": "sha512-7LoGU5lc0UweZZXcPHORucTT3UCvPUNPlT2KcV/vloztUpp1FCJ6qJasWq0OMGzMw+ekV7KEnndsYELsRImYrQ==",
      "requires": {
        "get-stream": "^6.0.1",
        "mime-types": "^2.1.30",
        "node-fetch": "^2.6.1",
        "readable-error": "^1.0.0",
        "readable-stream": "^3.6.0"
      }
    },
    "fs-extra": {
      "version": "10.0.0",
      "resolved": "https://registry.npmjs.org/fs-extra/-/fs-extra-10.0.0.tgz",
      "integrity": "sha512-C5owb14u9eJwizKGdchcDUQeFtlSHHthBk8pbX9Vc1PFZrLombudjDnNns88aYslCyF6IY5SUw3Roz6xShcEIQ==",
      "requires": {
        "graceful-fs": "^4.2.0",
        "jsonfile": "^6.0.1",
        "universalify": "^2.0.0"
      }
    },
    "get-stream": {
      "version": "6.0.1",
      "resolved": "https://registry.npmjs.org/get-stream/-/get-stream-6.0.1.tgz",
      "integrity": "sha512-ts6Wi+2j3jQjqi70w5AlN8DFnkSwC+MqmxEzdEALB2qXZYV3X/b1CTfgPLGJNMeAWxdPfU8FO1ms3NUfaHCPYg=="
    },
    "graceful-fs": {
      "version": "4.2.8",
      "resolved": "https://registry.npmjs.org/graceful-fs/-/graceful-fs-4.2.8.tgz",
      "integrity": "sha512-qkIilPUYcNhJpd33n0GBXTB1MMPp14TxEsEs0pTrsSVucApsYzW5V+Q8Qxhik6KU3evy+qkAAowTByymK0avdg=="
    },
    "grunt-directory-to-html": {
      "version": "0.2.0",
      "resolved": "https://registry.npmjs.org/grunt-directory-to-html/-/grunt-directory-to-html-0.2.0.tgz",
      "integrity": "sha1-V78Ya5kd+LNzJ/wiHJlCO0Hfy28=",
      "requires": {
        "handlebars": "~1.0.12",
        "jade": "~0.35.0"
      }
    },
    "handlebars": {
      "version": "1.0.12",
      "resolved": "https://registry.npmjs.org/handlebars/-/handlebars-1.0.12.tgz",
      "integrity": "sha1-GMbTRAw16RsZs/9YK5FRq0mF1Pw=",
      "requires": {
        "optimist": "~0.3",
        "uglify-js": "~2.3"
      }
    },
    "imurmurhash": {
      "version": "0.1.4",
      "resolved": "https://registry.npmjs.org/imurmurhash/-/imurmurhash-0.1.4.tgz",
      "integrity": "sha1-khi5srkoojixPcT7a21XbyMUU+o="
    },
    "inherits": {
      "version": "2.0.4",
      "resolved": "https://registry.npmjs.org/inherits/-/inherits-2.0.4.tgz",
      "integrity": "sha512-k/vGaX4/Yla3WzyMCvTQOXYeIHvqOKtnqBduzTHpzpQZzAskKMhZ2K+EnBiSM9zGSoIFeMpXKxa4dYeZIQqewQ=="
    },
    "is-plain-obj": {
      "version": "4.0.0",
      "resolved": "https://registry.npmjs.org/is-plain-obj/-/is-plain-obj-4.0.0.tgz",
      "integrity": "sha512-NXRbBtUdBioI73y/HmOhogw/U5msYPC9DAtGkJXeFcFWSFZw0mCUsPxk/snTuJHzNKA8kLBK4rH97RMB1BfCXw=="
    },
    "is-promise": {
      "version": "1.0.1",
      "resolved": "https://registry.npmjs.org/is-promise/-/is-promise-1.0.1.tgz",
      "integrity": "sha1-MVc3YcBX4zwukaq56W2gjO++duU="
    },
    "is-typedarray": {
      "version": "1.0.0",
      "resolved": "https://registry.npmjs.org/is-typedarray/-/is-typedarray-1.0.0.tgz",
      "integrity": "sha1-5HnICFjfDBsR3dppQPlgEfzaSpo="
    },
    "isarray": {
      "version": "1.0.0",
      "resolved": "https://registry.npmjs.org/isarray/-/isarray-1.0.0.tgz",
      "integrity": "sha1-u5NdSFgsuhaMBoNJV6VKPgcSTxE="
    },
    "jade": {
      "version": "0.35.0",
      "resolved": "https://registry.npmjs.org/jade/-/jade-0.35.0.tgz",
      "integrity": "sha1-dewdlmoSA3M2E+jBgOKqhoXBbak=",
      "requires": {
        "character-parser": "1.2.0",
        "commander": "2.0.0",
        "constantinople": "~1.0.1",
        "mkdirp": "0.3.x",
        "monocle": "1.1.50",
        "transformers": "2.1.0",
        "with": "~1.1.0"
      }
    },
    "jsonfile": {
      "version": "6.1.0",
      "resolved": "https://registry.npmjs.org/jsonfile/-/jsonfile-6.1.0.tgz",
      "integrity": "sha512-5dgndWOriYSm5cnYaJNhalLNDKOqFwyDB/rr1E9ZsGciGvKPs8R2xYGCacuf3z6K1YKDz182fd+fY3cn3pMqXQ==",
      "requires": {
        "graceful-fs": "^4.1.6",
        "universalify": "^2.0.0"
      }
    },
    "lodash.assigninwith": {
      "version": "4.2.0",
      "resolved": "https://registry.npmjs.org/lodash.assigninwith/-/lodash.assigninwith-4.2.0.tgz",
      "integrity": "sha1-rwLJhDKshtk9ppW0voAUAZcXNq8="
    },
    "lodash.defaults": {
      "version": "4.0.1",
      "resolved": "https://registry.npmjs.org/lodash.defaults/-/lodash.defaults-4.0.1.tgz",
      "integrity": "sha1-BWeOYSqXFsZLW/LOzwRRMco9NAI=",
      "requires": {
        "lodash.assigninwith": "^4.0.0",
        "lodash.rest": "^4.0.0"
      }
    },
    "lodash.rest": {
      "version": "4.0.5",
      "resolved": "https://registry.npmjs.org/lodash.rest/-/lodash.rest-4.0.5.tgz",
      "integrity": "sha1-lU73UEkmIDjJbR/Jiyj9r58Hcqo="
    },
    "make-dir": {
      "version": "3.1.0",
      "resolved": "https://registry.npmjs.org/make-dir/-/make-dir-3.1.0.tgz",
      "integrity": "sha512-g3FeP20LNwhALb/6Cz6Dd4F2ngze0jz7tbzrD2wAV+o9FeNHe4rL+yK2md0J/fiSf1sa1ADhXqi5+oVwOM/eGw==",
      "requires": {
        "semver": "^6.0.0"
      }
    },
    "mime-db": {
      "version": "1.50.0",
      "resolved": "https://registry.npmjs.org/mime-db/-/mime-db-1.50.0.tgz",
      "integrity": "sha512-9tMZCDlYHqeERXEHO9f/hKfNXhre5dK2eE/krIvUjZbS2KPcqGDfNShIWS1uW9XOTKQKqK6qbeOci18rbfW77A=="
    },
    "mime-types": {
      "version": "2.1.33",
      "resolved": "https://registry.npmjs.org/mime-types/-/mime-types-2.1.33.tgz",
      "integrity": "sha512-plLElXp7pRDd0bNZHw+nMd52vRYjLwQjygaNg7ddJ2uJtTlmnTCjWuPKxVu6//AdaRuME84SvLW91sIkBqGT0g==",
      "requires": {
        "mime-db": "1.50.0"
      }
    },
    "minimatch": {
      "version": "3.0.4",
      "resolved": "https://registry.npmjs.org/minimatch/-/minimatch-3.0.4.tgz",
      "integrity": "sha512-yJHVQEhyqPLUTgt9B83PXu6W3rx4MvvHvSUvToogpwoGDOUQ+yDrR0HRot+yOCdCO7u4hX3pWft6kWBBcqh0UA==",
      "requires": {
        "brace-expansion": "^1.1.7"
      }
    },
    "minimist": {
      "version": "1.2.5",
      "resolved": "https://registry.npmjs.org/minimist/-/minimist-1.2.5.tgz",
      "integrity": "sha512-FM9nNUYrRBAELZQT3xeZQ7fmMOBg6nWNmJKTcgsJeaLstP/UODVpGsr5OhXhhXg6f+qtJ8uiZ+PUxkDWcgIXLw=="
    },
    "mkdirp": {
      "version": "0.3.5",
      "resolved": "https://registry.npmjs.org/mkdirp/-/mkdirp-0.3.5.tgz",
      "integrity": "sha1-3j5fiWHIjHh+4TaN+EmsRBPsqNc="
    },
    "monocle": {
      "version": "1.1.50",
      "resolved": "https://registry.npmjs.org/monocle/-/monocle-1.1.50.tgz",
      "integrity": "sha1-4hsFnZlybZWDcfNiQMEGuKBn+n0=",
      "requires": {
        "readdirp": "~0.2.3"
      }
    },
    "node-fetch": {
      "version": "2.6.5",
      "resolved": "https://registry.npmjs.org/node-fetch/-/node-fetch-2.6.5.tgz",
      "integrity": "sha512-mmlIVHJEu5rnIxgEgez6b9GgWXbkZj5YZ7fx+2r94a2E+Uirsp6HsPTPlomfdHtpt/B0cdKviwkoaM6pyvUOpQ==",
      "requires": {
        "whatwg-url": "^5.0.0"
      }
    },
    "optimist": {
      "version": "0.3.7",
      "resolved": "https://registry.npmjs.org/optimist/-/optimist-0.3.7.tgz",
      "integrity": "sha1-yQlBrVnkJzMokjB00s8ufLxuwNk=",
      "requires": {
        "wordwrap": "~0.0.2"
      }
    },
    "path-exists": {
      "version": "5.0.0",
      "resolved": "https://registry.npmjs.org/path-exists/-/path-exists-5.0.0.tgz",
      "integrity": "sha512-RjhtfwJOxzcFmNOi6ltcbcu4Iu+FL3zEj83dk4kAS+fVpTxXLO1b38RvJgT/0QwvV/L3aY9TAnyv0EOqW4GoMQ=="
    },
    "process-nextick-args": {
      "version": "2.0.1",
      "resolved": "https://registry.npmjs.org/process-nextick-args/-/process-nextick-args-2.0.1.tgz",
      "integrity": "sha512-3ouUOpQhtgrbOa17J7+uxOTpITYWaGP7/AhoR3+A+/1e9skrzelGi/dXzEYyvbxubEF6Wn2ypscTKiKJFFn1ag=="
    },
    "promise": {
      "version": "2.0.0",
      "resolved": "https://registry.npmjs.org/promise/-/promise-2.0.0.tgz",
      "integrity": "sha1-RmSKqdYFr10ucMMCS/WUNtoCuA4=",
      "requires": {
        "is-promise": "~1"
      }
    },
    "readable-error": {
      "version": "1.0.0",
      "resolved": "https://registry.npmjs.org/readable-error/-/readable-error-1.0.0.tgz",
      "integrity": "sha512-CLnInu5bUphmFiZ3pD/BC6+Cg4/BzK6ZMvWfd0b2QMzYo159Z/f/nVFQ9L5IeMrqUxy0EFsp3XJ+BRfLfY13IQ==",
      "requires": {
        "readable-stream": "^2.3.3"
      },
      "dependencies": {
        "readable-stream": {
          "version": "2.3.7",
          "resolved": "https://registry.npmjs.org/readable-stream/-/readable-stream-2.3.7.tgz",
          "integrity": "sha512-Ebho8K4jIbHAxnuxi7o42OrZgF/ZTNcsZj6nRKyUmkhLFq8CHItp/fy6hQZuZmP/n3yZ9VBUbp4zz/mX8hmYPw==",
          "requires": {
            "core-util-is": "~1.0.0",
            "inherits": "~2.0.3",
            "isarray": "~1.0.0",
            "process-nextick-args": "~2.0.0",
            "safe-buffer": "~5.1.1",
            "string_decoder": "~1.1.1",
            "util-deprecate": "~1.0.1"
          }
        }
      }
    },
    "readable-stream": {
      "version": "3.6.0",
      "resolved": "https://registry.npmjs.org/readable-stream/-/readable-stream-3.6.0.tgz",
      "integrity": "sha512-BViHy7LKeTz4oNnkcLJ+lVSL6vpiFeX6/d3oSH8zCW7UxP2onchk+vTGB143xuFjHS3deTgkKoXXymXqymiIdA==",
      "requires": {
        "inherits": "^2.0.3",
        "string_decoder": "^1.1.1",
        "util-deprecate": "^1.0.1"
      }
    },
    "readdirp": {
      "version": "0.2.5",
      "resolved": "https://registry.npmjs.org/readdirp/-/readdirp-0.2.5.tgz",
      "integrity": "sha1-xMJ25Sl3riXbUZH+UdAIVQ8V2bs=",
      "requires": {
        "minimatch": ">=0.2.4"
      }
    },
    "requireindex": {
      "version": "1.2.0",
      "resolved": "https://registry.npmjs.org/requireindex/-/requireindex-1.2.0.tgz",
      "integrity": "sha512-L9jEkOi3ASd9PYit2cwRfyppc9NoABujTP8/5gFcbERmo5jUoAKovIC3fsF17pkTnGsrByysqX+Kxd2OTNI1ww=="
    },
    "safe-buffer": {
      "version": "5.1.2",
      "resolved": "https://registry.npmjs.org/safe-buffer/-/safe-buffer-5.1.2.tgz",
      "integrity": "sha512-Gd2UZBJDkXlY7GbJxfsE8/nvKkUEU1G38c1siN6QP6a9PT9MmHB8GnpscSmMJSoF8LOIrt8ud/wPtojys4G6+g=="
    },
    "semver": {
      "version": "6.3.0",
      "resolved": "https://registry.npmjs.org/semver/-/semver-6.3.0.tgz",
      "integrity": "sha512-b39TBaTSfV6yBrapU89p5fKekE2m/NwnDocOVruQFS1/veMgdzuPcnOM34M6CwxW8jH/lxEa5rBoDeUwu5HHTw=="
    },
    "signal-exit": {
      "version": "3.0.5",
      "resolved": "https://registry.npmjs.org/signal-exit/-/signal-exit-3.0.5.tgz",
      "integrity": "sha512-KWcOiKeQj6ZyXx7zq4YxSMgHRlod4czeBQZrPb8OKcohcqAXShm7E20kEMle9WBt26hFcAf0qLOcp5zmY7kOqQ=="
    },
    "sitemap-js-obj": {
      "version": "0.0.3",
      "resolved": "https://registry.npmjs.org/sitemap-js-obj/-/sitemap-js-obj-0.0.3.tgz",
      "integrity": "sha1-rLljX5dXvK7OAQUeebZZyBnt7ao="
    },
    "sort-keys": {
      "version": "5.0.0",
      "resolved": "https://registry.npmjs.org/sort-keys/-/sort-keys-5.0.0.tgz",
      "integrity": "sha512-Pdz01AvCAottHTPQGzndktFNdbRA75BgOfeT1hH+AMnJFv8lynkPi42rfeEhpx1saTEI3YNMWxfqu0sFD1G8pw==",
      "requires": {
        "is-plain-obj": "^4.0.0"
      }
    },
    "source-map": {
      "version": "0.1.43",
      "resolved": "https://registry.npmjs.org/source-map/-/source-map-0.1.43.tgz",
      "integrity": "sha1-wkvBRspRfBRx9drL4lcbK3+eM0Y=",
      "requires": {
        "amdefine": ">=0.0.4"
      }
    },
    "stencil": {
      "version": "0.0.5",
      "resolved": "https://registry.npmjs.org/stencil/-/stencil-0.0.5.tgz",
      "integrity": "sha1-1x/dkz47H3JHNrXDiPGRp+f8HUc=",
      "requires": {
        "xmldom": "0.1.15"
      }
    },
    "string_decoder": {
      "version": "1.1.1",
      "resolved": "https://registry.npmjs.org/string_decoder/-/string_decoder-1.1.1.tgz",
      "integrity": "sha512-n/ShnvDi6FHbbVfviro+WojiFzv+s8MPMHBczVePfUpDJLwoLT0ht1l4YwBCbi8pJAveEEdnkHyPyTP/mzRfwg==",
      "requires": {
        "safe-buffer": "~5.1.0"
      }
    },
    "strip-filename-increment": {
      "version": "2.0.1",
      "resolved": "https://registry.npmjs.org/strip-filename-increment/-/strip-filename-increment-2.0.1.tgz",
      "integrity": "sha512-+v5xsiTTsdYqkPj7qz1zlngIsjZedhHDi3xp/9bMurV8kXe9DAr732gNVqtt4X8sI3hOqS3nlFfps5gyVcux6w=="
    },
    "tr46": {
      "version": "0.0.3",
      "resolved": "https://registry.npmjs.org/tr46/-/tr46-0.0.3.tgz",
      "integrity": "sha1-gYT9NH2snNwYWZLzpmIuFLnZq2o="
    },
    "transformers": {
      "version": "2.1.0",
      "resolved": "https://registry.npmjs.org/transformers/-/transformers-2.1.0.tgz",
      "integrity": "sha1-XSPLNVYd2F3Gf7hIIwm0fVPM6ac=",
      "requires": {
        "css": "~1.0.8",
        "promise": "~2.0",
        "uglify-js": "~2.2.5"
      },
      "dependencies": {
        "uglify-js": {
          "version": "2.2.5",
          "resolved": "https://registry.npmjs.org/uglify-js/-/uglify-js-2.2.5.tgz",
          "integrity": "sha1-puAqcNg5eSuXgEiLe4sYTAlcmcc=",
          "requires": {
            "optimist": "~0.3.5",
            "source-map": "~0.1.7"
          }
        }
      }
    },
    "typedarray-to-buffer": {
      "version": "3.1.5",
      "resolved": "https://registry.npmjs.org/typedarray-to-buffer/-/typedarray-to-buffer-3.1.5.tgz",
      "integrity": "sha512-zdu8XMNEDepKKR+XYOXAVPtWui0ly0NtohUscw+UmaHiAWT8hrV1rr//H6V+0DvJ3OQ19S979M0laLfX8rm82Q==",
      "requires": {
        "is-typedarray": "^1.0.0"
      }
    },
    "uglify-js": {
      "version": "2.3.6",
      "resolved": "https://registry.npmjs.org/uglify-js/-/uglify-js-2.3.6.tgz",
      "integrity": "sha1-+gmEdwtCi3qbKoBY9GNV0U/vIRo=",
      "requires": {
        "async": "~0.2.6",
        "optimist": "~0.3.5",
        "source-map": "~0.1.7"
      }
    },
    "uglify-to-browserify": {
      "version": "1.0.2",
      "resolved": "https://registry.npmjs.org/uglify-to-browserify/-/uglify-to-browserify-1.0.2.tgz",
      "integrity": "sha1-bgkk1r2mta/jSeOabWMoUKD4grc="
    },
    "universalify": {
      "version": "2.0.0",
      "resolved": "https://registry.npmjs.org/universalify/-/universalify-2.0.0.tgz",
      "integrity": "sha512-hAZsKq7Yy11Zu1DE0OzWjw7nnLZmJZYTDZZyEFHZdUhV8FkH5MCfoU1XMaxXovpyW5nq5scPqq0ZDP9Zyl04oQ=="
    },
    "util-deprecate": {
      "version": "1.0.2",
      "resolved": "https://registry.npmjs.org/util-deprecate/-/util-deprecate-1.0.2.tgz",
      "integrity": "sha1-RQ1Nyfpw3nMnYvvS1KKJgUGaDM8="
    },
    "walkdir": {
      "version": "0.4.1",
      "resolved": "https://registry.npmjs.org/walkdir/-/walkdir-0.4.1.tgz",
      "integrity": "sha512-3eBwRyEln6E1MSzcxcVpQIhRG8Q1jLvEqRmCZqS3dsfXEDR/AhOF4d+jHg1qvDCpYaVRZjENPQyrVxAkQqxPgQ=="
    },
    "webidl-conversions": {
      "version": "3.0.1",
      "resolved": "https://registry.npmjs.org/webidl-conversions/-/webidl-conversions-3.0.1.tgz",
      "integrity": "sha1-JFNCdeKnvGvnvIZhHMFq4KVlSHE="
    },
    "whatwg-url": {
      "version": "5.0.0",
      "resolved": "https://registry.npmjs.org/whatwg-url/-/whatwg-url-5.0.0.tgz",
      "integrity": "sha1-lmRU6HZUYuN2RNNib2dCzotwll0=",
      "requires": {
        "tr46": "~0.0.3",
        "webidl-conversions": "^3.0.0"
      }
    },
    "window-size": {
      "version": "0.1.0",
      "resolved": "https://registry.npmjs.org/window-size/-/window-size-0.1.0.tgz",
      "integrity": "sha1-VDjNLqk7IC76Ohn+iIeu58lPnJ0="
    },
    "with": {
      "version": "1.1.1",
      "resolved": "https://registry.npmjs.org/with/-/with-1.1.1.tgz",
      "integrity": "sha1-Zr1mZN6zGLJILdBCTM3r6CJDSsA=",
      "requires": {
        "uglify-js": "2.4.0"
      },
      "dependencies": {
        "uglify-js": {
          "version": "2.4.0",
          "resolved": "https://registry.npmjs.org/uglify-js/-/uglify-js-2.4.0.tgz",
          "integrity": "sha1-pfK2sbgX+zTBagQjQyjIm6HncTc=",
          "requires": {
            "async": "~0.2.6",
            "optimist": "~0.3.5",
            "source-map": "~0.1.7",
            "uglify-to-browserify": "~1.0.0"
          }
        }
      }
    },
    "wordwrap": {
      "version": "0.0.3",
      "resolved": "https://registry.npmjs.org/wordwrap/-/wordwrap-0.0.3.tgz",
      "integrity": "sha1-o9XabNXAvAAI03I0u68b7WMFkQc="
    },
    "write": {
      "version": "2.0.0",
      "resolved": "https://registry.npmjs.org/write/-/write-2.0.0.tgz",
      "integrity": "sha512-yam9TAqN8sAZokECAejo9HpT2j2s39OgK8i8yxadrFBVo+iSWLfnipRVFulfAw1d2dz5vSuGmlMHYRKG4fysOA==",
      "requires": {
        "add-filename-increment": "^1.0.0"
      }
    },
    "write-file-atomic": {
      "version": "3.0.3",
      "resolved": "https://registry.npmjs.org/write-file-atomic/-/write-file-atomic-3.0.3.tgz",
      "integrity": "sha512-AvHcyZ5JnSfq3ioSyjrBkH9yW4m7Ayk8/9My/DD9onKeu/94fwrMocemO2QAJFAlnnDN+ZDS+ZjAR5ua1/PV/Q==",
      "requires": {
        "imurmurhash": "^0.1.4",
        "is-typedarray": "^1.0.0",
        "signal-exit": "^3.0.2",
        "typedarray-to-buffer": "^3.1.5"
      }
    },
    "write-json-file": {
      "version": "5.0.0",
      "resolved": "https://registry.npmjs.org/write-json-file/-/write-json-file-5.0.0.tgz",
      "integrity": "sha512-ddSsCLa4aQ3kI21BthINo4q905/wfhvQ3JL3774AcRjBaiQmfn5v4rw77jQ7T6CmAit9VOQO+FsLyPkwxoB1fw==",
      "requires": {
        "detect-indent": "^7.0.0",
        "is-plain-obj": "^4.0.0",
        "sort-keys": "^5.0.0",
        "write-file-atomic": "^3.0.3"
      }
    },
    "xmldom": {
      "version": "0.1.15",
      "resolved": "https://registry.npmjs.org/xmldom/-/xmldom-0.1.15.tgz",
      "integrity": "sha1-swSAYvG91S7cQhQkRZ8G3O6y+U0="
    },
    "yargs": {
      "version": "3.5.4",
      "resolved": "https://registry.npmjs.org/yargs/-/yargs-3.5.4.tgz",
      "integrity": "sha1-2K/49mXpTDS9JZvevRv68N3TU2E=",
      "requires": {
        "camelcase": "^1.0.2",
        "decamelize": "^1.0.0",
        "window-size": "0.1.0",
        "wordwrap": "0.0.2"
      },
      "dependencies": {
        "wordwrap": {
          "version": "0.0.2",
          "resolved": "https://registry.npmjs.org/wordwrap/-/wordwrap-0.0.2.tgz",
          "integrity": "sha1-t5Zpu0LstAn4PVg8rVLKF+qhZD8="
        }
      }
    }
  }
}
